
Microsoft Visual Studio Solution File, Format Version 12.00
# Visual Studio 15
VisualStudioVersion = 15.0.28307.271
MinimumVisualStudioVersion = 10.0.40219.1
Project("{FAE04EC0-301F-11D3-BF4B-00C04F79EFBC}") = "recursividad3", "recursividad3\recursividad3.csproj", "{DD383E9B-A76E-453F-BB30-A3130CDB4AC9}"
EndProject
Global
	GlobalSection(SolutionConfigurationPlatforms) = preSolution
		Debug|Any CPU = Debug|Any CPU
		Release|Any CPU = Release|Any CPU
	EndGlobalSection
	GlobalSection(ProjectConfigurationPlatforms) = postSolution
		{DD383E9B-A76E-453F-BB30-A3130CDB4AC9}.Debug|Any CPU.ActiveCfg = Debug|Any CPU
		{DD383E9B-A76E-453F-BB30-A3130CDB4AC9}.Debug|Any CPU.Build.0 = Debug|Any CPU
		{DD383E9B-A76E-453F-BB30-A3130CDB4AC9}.Release|Any CPU.ActiveCfg = Release|Any CPU
		{DD383E9B-A76E-453F-BB30-A3130CDB4AC9}.Release|Any CPU.Build.0 = Release|Any CPU
	EndGlobalSection
	GlobalSection(SolutionProperties) = preSolution
		HideSolutionNode = FALSE
	EndGlobalSection
	GlobalSection(ExtensibilityGlobals) = postSolution
		SolutionGuid = {B452E331-F9D5-45D3-95CF-A157F88825DC}
	EndGlobalSection
EndGlobal
