
Microsoft Visual Studio Solution File, Format Version 12.00
# Visual Studio 15
VisualStudioVersion = 15.0.28307.271
MinimumVisualStudioVersion = 10.0.40219.1
Project("{FAE04EC0-301F-11D3-BF4B-00C04F79EFBC}") = "ejercicio_arrays_DDR_5", "ejercicio_arrays_DDR_5\ejercicio_arrays_DDR_5.csproj", "{691427BB-5577-4405-A5F1-A90DBA4C978E}"
EndProject
Global
	GlobalSection(SolutionConfigurationPlatforms) = preSolution
		Debug|Any CPU = Debug|Any CPU
		Release|Any CPU = Release|Any CPU
	EndGlobalSection
	GlobalSection(ProjectConfigurationPlatforms) = postSolution
		{691427BB-5577-4405-A5F1-A90DBA4C978E}.Debug|Any CPU.ActiveCfg = Debug|Any CPU
		{691427BB-5577-4405-A5F1-A90DBA4C978E}.Debug|Any CPU.Build.0 = Debug|Any CPU
		{691427BB-5577-4405-A5F1-A90DBA4C978E}.Release|Any CPU.ActiveCfg = Release|Any CPU
		{691427BB-5577-4405-A5F1-A90DBA4C978E}.Release|Any CPU.Build.0 = Release|Any CPU
	EndGlobalSection
	GlobalSection(SolutionProperties) = preSolution
		HideSolutionNode = FALSE
	EndGlobalSection
	GlobalSection(ExtensibilityGlobals) = postSolution
		SolutionGuid = {B422DD9C-1B44-48AB-875B-B6E2948B12C5}
	EndGlobalSection
EndGlobal
