
Microsoft Visual Studio Solution File, Format Version 12.00
# Visual Studio 15
VisualStudioVersion = 15.0.28307.271
MinimumVisualStudioVersion = 10.0.40219.1
Project("{FAE04EC0-301F-11D3-BF4B-00C04F79EFBC}") = "ejercicio_arrays_DDR_2", "ejercicio_arrays_DDR_2\ejercicio_arrays_DDR_2.csproj", "{E9F54331-8ADE-4355-B983-CC48AA0D46AA}"
EndProject
Global
	GlobalSection(SolutionConfigurationPlatforms) = preSolution
		Debug|Any CPU = Debug|Any CPU
		Release|Any CPU = Release|Any CPU
	EndGlobalSection
	GlobalSection(ProjectConfigurationPlatforms) = postSolution
		{E9F54331-8ADE-4355-B983-CC48AA0D46AA}.Debug|Any CPU.ActiveCfg = Debug|Any CPU
		{E9F54331-8ADE-4355-B983-CC48AA0D46AA}.Debug|Any CPU.Build.0 = Debug|Any CPU
		{E9F54331-8ADE-4355-B983-CC48AA0D46AA}.Release|Any CPU.ActiveCfg = Release|Any CPU
		{E9F54331-8ADE-4355-B983-CC48AA0D46AA}.Release|Any CPU.Build.0 = Release|Any CPU
	EndGlobalSection
	GlobalSection(SolutionProperties) = preSolution
		HideSolutionNode = FALSE
	EndGlobalSection
	GlobalSection(ExtensibilityGlobals) = postSolution
		SolutionGuid = {B5079D2F-7492-4489-891A-988661DD43C7}
	EndGlobalSection
EndGlobal
