
Microsoft Visual Studio Solution File, Format Version 12.00
# Visual Studio 2012
Project("{FAE04EC0-301F-11D3-BF4B-00C04F79EFBC}") = "ejercicio_basicos_7_DDR", "ejercicio_basicos_7_DDR\ejercicio_basicos_7_DDR.csproj", "{342A4B0E-BFB3-409B-ADCE-972FB1A0A023}"
EndProject
Global
	GlobalSection(SolutionConfigurationPlatforms) = preSolution
		Debug|x86 = Debug|x86
		Release|x86 = Release|x86
	EndGlobalSection
	GlobalSection(ProjectConfigurationPlatforms) = postSolution
		{342A4B0E-BFB3-409B-ADCE-972FB1A0A023}.Debug|x86.ActiveCfg = Debug|x86
		{342A4B0E-BFB3-409B-ADCE-972FB1A0A023}.Debug|x86.Build.0 = Debug|x86
		{342A4B0E-BFB3-409B-ADCE-972FB1A0A023}.Release|x86.ActiveCfg = Release|x86
		{342A4B0E-BFB3-409B-ADCE-972FB1A0A023}.Release|x86.Build.0 = Release|x86
	EndGlobalSection
EndGlobal
