
Microsoft Visual Studio Solution File, Format Version 12.00
# Visual Studio 15
VisualStudioVersion = 15.0.28307.271
MinimumVisualStudioVersion = 10.0.40219.1
Project("{FAE04EC0-301F-11D3-BF4B-00C04F79EFBC}") = "BD_1", "BD_1\BD_1.csproj", "{749EC079-1E6B-49B5-BB6B-B4C7F7ED712A}"
EndProject
Global
	GlobalSection(SolutionConfigurationPlatforms) = preSolution
		Debug|Any CPU = Debug|Any CPU
		Release|Any CPU = Release|Any CPU
	EndGlobalSection
	GlobalSection(ProjectConfigurationPlatforms) = postSolution
		{749EC079-1E6B-49B5-BB6B-B4C7F7ED712A}.Debug|Any CPU.ActiveCfg = Debug|Any CPU
		{749EC079-1E6B-49B5-BB6B-B4C7F7ED712A}.Debug|Any CPU.Build.0 = Debug|Any CPU
		{749EC079-1E6B-49B5-BB6B-B4C7F7ED712A}.Release|Any CPU.ActiveCfg = Release|Any CPU
		{749EC079-1E6B-49B5-BB6B-B4C7F7ED712A}.Release|Any CPU.Build.0 = Release|Any CPU
	EndGlobalSection
	GlobalSection(SolutionProperties) = preSolution
		HideSolutionNode = FALSE
	EndGlobalSection
	GlobalSection(ExtensibilityGlobals) = postSolution
		SolutionGuid = {3EBB20AE-BF84-46BC-8E67-5127F6D18BCB}
	EndGlobalSection
EndGlobal
