
Microsoft Visual Studio Solution File, Format Version 12.00
# Visual Studio 15
VisualStudioVersion = 15.0.28307.271
MinimumVisualStudioVersion = 10.0.40219.1
Project("{FAE04EC0-301F-11D3-BF4B-00C04F79EFBC}") = "ejercicio_matrices_DDR_4", "ejercicio_matrices_DDR_4\ejercicio_matrices_DDR_4.csproj", "{88AC9D88-9306-4215-A91B-BD0731EC9C1B}"
EndProject
Global
	GlobalSection(SolutionConfigurationPlatforms) = preSolution
		Debug|Any CPU = Debug|Any CPU
		Release|Any CPU = Release|Any CPU
	EndGlobalSection
	GlobalSection(ProjectConfigurationPlatforms) = postSolution
		{88AC9D88-9306-4215-A91B-BD0731EC9C1B}.Debug|Any CPU.ActiveCfg = Debug|Any CPU
		{88AC9D88-9306-4215-A91B-BD0731EC9C1B}.Debug|Any CPU.Build.0 = Debug|Any CPU
		{88AC9D88-9306-4215-A91B-BD0731EC9C1B}.Release|Any CPU.ActiveCfg = Release|Any CPU
		{88AC9D88-9306-4215-A91B-BD0731EC9C1B}.Release|Any CPU.Build.0 = Release|Any CPU
	EndGlobalSection
	GlobalSection(SolutionProperties) = preSolution
		HideSolutionNode = FALSE
	EndGlobalSection
	GlobalSection(ExtensibilityGlobals) = postSolution
		SolutionGuid = {3902CA64-35DE-4D1B-9E85-1D306751CAD5}
	EndGlobalSection
EndGlobal
