
Microsoft Visual Studio Solution File, Format Version 12.00
# Visual Studio 15
VisualStudioVersion = 15.0.28307.271
MinimumVisualStudioVersion = 10.0.40219.1
Project("{FAE04EC0-301F-11D3-BF4B-00C04F79EFBC}") = "ejercicio_funciones_DDR_7", "ejercicio_funciones_DDR_7\ejercicio_funciones_DDR_7.csproj", "{B255FF87-2C77-467D-94B2-CAD7A5EE36C6}"
EndProject
Global
	GlobalSection(SolutionConfigurationPlatforms) = preSolution
		Debug|Any CPU = Debug|Any CPU
		Release|Any CPU = Release|Any CPU
	EndGlobalSection
	GlobalSection(ProjectConfigurationPlatforms) = postSolution
		{B255FF87-2C77-467D-94B2-CAD7A5EE36C6}.Debug|Any CPU.ActiveCfg = Debug|Any CPU
		{B255FF87-2C77-467D-94B2-CAD7A5EE36C6}.Debug|Any CPU.Build.0 = Debug|Any CPU
		{B255FF87-2C77-467D-94B2-CAD7A5EE36C6}.Release|Any CPU.ActiveCfg = Release|Any CPU
		{B255FF87-2C77-467D-94B2-CAD7A5EE36C6}.Release|Any CPU.Build.0 = Release|Any CPU
	EndGlobalSection
	GlobalSection(SolutionProperties) = preSolution
		HideSolutionNode = FALSE
	EndGlobalSection
	GlobalSection(ExtensibilityGlobals) = postSolution
		SolutionGuid = {3C3A8606-4D2D-41DC-962D-818DF091ED3A}
	EndGlobalSection
EndGlobal
