
Microsoft Visual Studio Solution File, Format Version 12.00
# Visual Studio 15
VisualStudioVersion = 15.0.28307.271
MinimumVisualStudioVersion = 10.0.40219.1
Project("{FAE04EC0-301F-11D3-BF4B-00C04F79EFBC}") = "ejercicio_arrays_DDR_7", "ejercicio_arrays_DDR_7\ejercicio_arrays_DDR_7.csproj", "{35E38462-29CE-495B-AEA6-3BD9B13E99F0}"
EndProject
Global
	GlobalSection(SolutionConfigurationPlatforms) = preSolution
		Debug|Any CPU = Debug|Any CPU
		Release|Any CPU = Release|Any CPU
	EndGlobalSection
	GlobalSection(ProjectConfigurationPlatforms) = postSolution
		{35E38462-29CE-495B-AEA6-3BD9B13E99F0}.Debug|Any CPU.ActiveCfg = Debug|Any CPU
		{35E38462-29CE-495B-AEA6-3BD9B13E99F0}.Debug|Any CPU.Build.0 = Debug|Any CPU
		{35E38462-29CE-495B-AEA6-3BD9B13E99F0}.Release|Any CPU.ActiveCfg = Release|Any CPU
		{35E38462-29CE-495B-AEA6-3BD9B13E99F0}.Release|Any CPU.Build.0 = Release|Any CPU
	EndGlobalSection
	GlobalSection(SolutionProperties) = preSolution
		HideSolutionNode = FALSE
	EndGlobalSection
	GlobalSection(ExtensibilityGlobals) = postSolution
		SolutionGuid = {E6A24BE5-1AB6-4E15-9F44-AF975358282B}
	EndGlobalSection
EndGlobal
