
Microsoft Visual Studio Solution File, Format Version 12.00
# Visual Studio 15
VisualStudioVersion = 15.0.28307.271
MinimumVisualStudioVersion = 10.0.40219.1
Project("{FAE04EC0-301F-11D3-BF4B-00C04F79EFBC}") = "Ejercicio_funciones_DDR_12", "Ejercicio_funciones_DDR_12\Ejercicio_funciones_DDR_12.csproj", "{C2A556F0-04CD-4D22-A85A-CDAF0897C192}"
EndProject
Global
	GlobalSection(SolutionConfigurationPlatforms) = preSolution
		Debug|Any CPU = Debug|Any CPU
		Release|Any CPU = Release|Any CPU
	EndGlobalSection
	GlobalSection(ProjectConfigurationPlatforms) = postSolution
		{C2A556F0-04CD-4D22-A85A-CDAF0897C192}.Debug|Any CPU.ActiveCfg = Debug|Any CPU
		{C2A556F0-04CD-4D22-A85A-CDAF0897C192}.Debug|Any CPU.Build.0 = Debug|Any CPU
		{C2A556F0-04CD-4D22-A85A-CDAF0897C192}.Release|Any CPU.ActiveCfg = Release|Any CPU
		{C2A556F0-04CD-4D22-A85A-CDAF0897C192}.Release|Any CPU.Build.0 = Release|Any CPU
	EndGlobalSection
	GlobalSection(SolutionProperties) = preSolution
		HideSolutionNode = FALSE
	EndGlobalSection
	GlobalSection(ExtensibilityGlobals) = postSolution
		SolutionGuid = {2E29F640-C095-4757-953D-773FF1D865FF}
	EndGlobalSection
EndGlobal
