
Microsoft Visual Studio Solution File, Format Version 12.00
# Visual Studio 15
VisualStudioVersion = 15.0.28307.271
MinimumVisualStudioVersion = 10.0.40219.1
Project("{FAE04EC0-301F-11D3-BF4B-00C04F79EFBC}") = "ejercicio_funciones_DDR_6", "ejercicio_funciones_DDR_6\ejercicio_funciones_DDR_6.csproj", "{1C0390EE-CF9D-42BA-880F-7E121A09F2A9}"
EndProject
Global
	GlobalSection(SolutionConfigurationPlatforms) = preSolution
		Debug|Any CPU = Debug|Any CPU
		Release|Any CPU = Release|Any CPU
	EndGlobalSection
	GlobalSection(ProjectConfigurationPlatforms) = postSolution
		{1C0390EE-CF9D-42BA-880F-7E121A09F2A9}.Debug|Any CPU.ActiveCfg = Debug|Any CPU
		{1C0390EE-CF9D-42BA-880F-7E121A09F2A9}.Debug|Any CPU.Build.0 = Debug|Any CPU
		{1C0390EE-CF9D-42BA-880F-7E121A09F2A9}.Release|Any CPU.ActiveCfg = Release|Any CPU
		{1C0390EE-CF9D-42BA-880F-7E121A09F2A9}.Release|Any CPU.Build.0 = Release|Any CPU
	EndGlobalSection
	GlobalSection(SolutionProperties) = preSolution
		HideSolutionNode = FALSE
	EndGlobalSection
	GlobalSection(ExtensibilityGlobals) = postSolution
		SolutionGuid = {4F431D87-ABAF-4999-AC27-33915BA7884A}
	EndGlobalSection
EndGlobal
