
Microsoft Visual Studio Solution File, Format Version 12.00
# Visual Studio 15
VisualStudioVersion = 15.0.28307.271
MinimumVisualStudioVersion = 10.0.40219.1
Project("{FAE04EC0-301F-11D3-BF4B-00C04F79EFBC}") = "ejercicio_matrices_DDR_5", "ejercicio_matrices_DDR_5\ejercicio_matrices_DDR_5.csproj", "{63B3E78A-3A8A-47EC-A856-B5A79E7A9C68}"
EndProject
Global
	GlobalSection(SolutionConfigurationPlatforms) = preSolution
		Debug|Any CPU = Debug|Any CPU
		Release|Any CPU = Release|Any CPU
	EndGlobalSection
	GlobalSection(ProjectConfigurationPlatforms) = postSolution
		{63B3E78A-3A8A-47EC-A856-B5A79E7A9C68}.Debug|Any CPU.ActiveCfg = Debug|Any CPU
		{63B3E78A-3A8A-47EC-A856-B5A79E7A9C68}.Debug|Any CPU.Build.0 = Debug|Any CPU
		{63B3E78A-3A8A-47EC-A856-B5A79E7A9C68}.Release|Any CPU.ActiveCfg = Release|Any CPU
		{63B3E78A-3A8A-47EC-A856-B5A79E7A9C68}.Release|Any CPU.Build.0 = Release|Any CPU
	EndGlobalSection
	GlobalSection(SolutionProperties) = preSolution
		HideSolutionNode = FALSE
	EndGlobalSection
	GlobalSection(ExtensibilityGlobals) = postSolution
		SolutionGuid = {14C5E01C-E453-4028-A4F9-90EDF3833904}
	EndGlobalSection
EndGlobal
