
Microsoft Visual Studio Solution File, Format Version 12.00
# Visual Studio 15
VisualStudioVersion = 15.0.28307.271
MinimumVisualStudioVersion = 10.0.40219.1
Project("{FAE04EC0-301F-11D3-BF4B-00C04F79EFBC}") = "ejercicio_arrays_DDR_3", "ejercicio_arrays_DDR_3\ejercicio_arrays_DDR_3.csproj", "{9666807E-999E-45C1-AE08-8A3A64EE14A2}"
EndProject
Global
	GlobalSection(SolutionConfigurationPlatforms) = preSolution
		Debug|Any CPU = Debug|Any CPU
		Release|Any CPU = Release|Any CPU
	EndGlobalSection
	GlobalSection(ProjectConfigurationPlatforms) = postSolution
		{9666807E-999E-45C1-AE08-8A3A64EE14A2}.Debug|Any CPU.ActiveCfg = Debug|Any CPU
		{9666807E-999E-45C1-AE08-8A3A64EE14A2}.Debug|Any CPU.Build.0 = Debug|Any CPU
		{9666807E-999E-45C1-AE08-8A3A64EE14A2}.Release|Any CPU.ActiveCfg = Release|Any CPU
		{9666807E-999E-45C1-AE08-8A3A64EE14A2}.Release|Any CPU.Build.0 = Release|Any CPU
	EndGlobalSection
	GlobalSection(SolutionProperties) = preSolution
		HideSolutionNode = FALSE
	EndGlobalSection
	GlobalSection(ExtensibilityGlobals) = postSolution
		SolutionGuid = {42C34BFE-4C0E-4AAE-A893-62E17F4E9754}
	EndGlobalSection
EndGlobal
